
Microsoft Visual Studio Solution File, Format Version 12.00
# Visual Studio 15
VisualStudioVersion = 15.0.28307.102
MinimumVisualStudioVersion = 10.0.40219.1
Project("{8BC9CEB8-8B4A-11D0-8D11-00A0C91BC942}") = "13.06.2019_Lesson_frequency_dictionary", "13.06.2019_Lesson_frequency_dictionary\13.06.2019_Lesson_frequency_dictionary.vcxproj", "{8AE1D395-BEED-4534-9889-F099DE15D535}"
EndProject
Global
	GlobalSection(SolutionConfigurationPlatforms) = preSolution
		Debug|x64 = Debug|x64
		Debug|x86 = Debug|x86
		Release|x64 = Release|x64
		Release|x86 = Release|x86
	EndGlobalSection
	GlobalSection(ProjectConfigurationPlatforms) = postSolution
		{8AE1D395-BEED-4534-9889-F099DE15D535}.Debug|x64.ActiveCfg = Debug|x64
		{8AE1D395-BEED-4534-9889-F099DE15D535}.Debug|x64.Build.0 = Debug|x64
		{8AE1D395-BEED-4534-9889-F099DE15D535}.Debug|x86.ActiveCfg = Debug|Win32
		{8AE1D395-BEED-4534-9889-F099DE15D535}.Debug|x86.Build.0 = Debug|Win32
		{8AE1D395-BEED-4534-9889-F099DE15D535}.Release|x64.ActiveCfg = Release|x64
		{8AE1D395-BEED-4534-9889-F099DE15D535}.Release|x64.Build.0 = Release|x64
		{8AE1D395-BEED-4534-9889-F099DE15D535}.Release|x86.ActiveCfg = Release|Win32
		{8AE1D395-BEED-4534-9889-F099DE15D535}.Release|x86.Build.0 = Release|Win32
	EndGlobalSection
	GlobalSection(SolutionProperties) = preSolution
		HideSolutionNode = FALSE
	EndGlobalSection
	GlobalSection(ExtensibilityGlobals) = postSolution
		SolutionGuid = {0B144D99-B9C5-4634-ABD8-DB564F161C66}
	EndGlobalSection
EndGlobal
